
Microsoft Visual Studio Solution File, Format Version 12.00
# Visual Studio Version 17
VisualStudioVersion = 17.3.32819.101
MinimumVisualStudioVersion = 10.0.40219.1
Project("{FAE04EC0-301F-11D3-BF4B-00C04F79EFBC}") = "ClassesIntro", "ClassesIntro.csproj", "{FCF2D018-2FEA-421D-884F-E08DA34FEC36}"
EndProject
Global
	GlobalSection(SolutionConfigurationPlatforms) = preSolution
		Debug|Any CPU = Debug|Any CPU
		Release|Any CPU = Release|Any CPU
	EndGlobalSection
	GlobalSection(ProjectConfigurationPlatforms) = postSolution
		{FCF2D018-2FEA-421D-884F-E08DA34FEC36}.Debug|Any CPU.ActiveCfg = Debug|Any CPU
		{FCF2D018-2FEA-421D-884F-E08DA34FEC36}.Debug|Any CPU.Build.0 = Debug|Any CPU
		{FCF2D018-2FEA-421D-884F-E08DA34FEC36}.Release|Any CPU.ActiveCfg = Release|Any CPU
		{FCF2D018-2FEA-421D-884F-E08DA34FEC36}.Release|Any CPU.Build.0 = Release|Any CPU
	EndGlobalSection
	GlobalSection(SolutionProperties) = preSolution
		HideSolutionNode = FALSE
	EndGlobalSection
	GlobalSection(ExtensibilityGlobals) = postSolution
		SolutionGuid = {66AB7776-AEAF-4D91-904E-68ED110DB510}
	EndGlobalSection
EndGlobal
