
Microsoft Visual Studio Solution File, Format Version 12.00
# Visual Studio Version 17
VisualStudioVersion = 17.3.32819.101
MinimumVisualStudioVersion = 10.0.40219.1
Project("{FAE04EC0-301F-11D3-BF4B-00C04F79EFBC}") = "Variables", "Variables.csproj", "{2C051C53-5E75-47EB-AD4D-3A33478FB1DD}"
EndProject
Global
	GlobalSection(SolutionConfigurationPlatforms) = preSolution
		Debug|Any CPU = Debug|Any CPU
		Release|Any CPU = Release|Any CPU
	EndGlobalSection
	GlobalSection(ProjectConfigurationPlatforms) = postSolution
		{2C051C53-5E75-47EB-AD4D-3A33478FB1DD}.Debug|Any CPU.ActiveCfg = Debug|Any CPU
		{2C051C53-5E75-47EB-AD4D-3A33478FB1DD}.Debug|Any CPU.Build.0 = Debug|Any CPU
		{2C051C53-5E75-47EB-AD4D-3A33478FB1DD}.Release|Any CPU.ActiveCfg = Release|Any CPU
		{2C051C53-5E75-47EB-AD4D-3A33478FB1DD}.Release|Any CPU.Build.0 = Release|Any CPU
	EndGlobalSection
	GlobalSection(SolutionProperties) = preSolution
		HideSolutionNode = FALSE
	EndGlobalSection
	GlobalSection(ExtensibilityGlobals) = postSolution
		SolutionGuid = {421124D2-4F95-4B25-8F87-6F15E7B5DA92}
	EndGlobalSection
EndGlobal
